
Microsoft Visual Studio Solution File, Format Version 12.00
# Visual Studio Version 17
VisualStudioVersion = 17.7.34202.233
MinimumVisualStudioVersion = 10.0.40219.1
Project("{8BC9CEB8-8B4A-11D0-8D11-00A0C91BC942}") = "FALCON6", "FALCON6\FALCON6.vcxproj", "{394E24F3-7529-4E83-BA3A-8B2EBE363702}"
EndProject
Global
	GlobalSection(SolutionConfigurationPlatforms) = preSolution
		Debug|x64 = Debug|x64
		Debug|x86 = Debug|x86
		Release|x64 = Release|x64
		Release|x86 = Release|x86
	EndGlobalSection
	GlobalSection(ProjectConfigurationPlatforms) = postSolution
		{394E24F3-7529-4E83-BA3A-8B2EBE363702}.Debug|x64.ActiveCfg = Debug|x64
		{394E24F3-7529-4E83-BA3A-8B2EBE363702}.Debug|x64.Build.0 = Debug|x64
		{394E24F3-7529-4E83-BA3A-8B2EBE363702}.Debug|x86.ActiveCfg = Debug|Win32
		{394E24F3-7529-4E83-BA3A-8B2EBE363702}.Debug|x86.Build.0 = Debug|Win32
		{394E24F3-7529-4E83-BA3A-8B2EBE363702}.Release|x64.ActiveCfg = Release|x64
		{394E24F3-7529-4E83-BA3A-8B2EBE363702}.Release|x64.Build.0 = Release|x64
		{394E24F3-7529-4E83-BA3A-8B2EBE363702}.Release|x86.ActiveCfg = Release|Win32
		{394E24F3-7529-4E83-BA3A-8B2EBE363702}.Release|x86.Build.0 = Release|Win32
	EndGlobalSection
	GlobalSection(SolutionProperties) = preSolution
		HideSolutionNode = FALSE
	EndGlobalSection
	GlobalSection(ExtensibilityGlobals) = postSolution
		SolutionGuid = {D20055DF-F28F-49F7-8E10-A0BF9903DF10}
	EndGlobalSection
EndGlobal
